
Microsoft Visual Studio Solution File, Format Version 12.00
# Visual Studio 15
Project("{FAE04EC0-301F-11D3-BF4B-00C04F79EFBC}") = "UnityEngine.UI", "UnityEngine.UI.csproj", "{37E21835-0E4B-6AB7-8A27-50374C4EF0C1}"
EndProject
Project("{FAE04EC0-301F-11D3-BF4B-00C04F79EFBC}") = "Assembly-CSharp", "Assembly-CSharp.csproj", "{84BA5D17-0E52-02DA-F136-C434BD0A8AE6}"
EndProject
Project("{FAE04EC0-301F-11D3-BF4B-00C04F79EFBC}") = "UnityEditor.UI", "UnityEditor.UI.csproj", "{13F0F545-A23B-E8ED-26C4-C9883D9FE698}"
EndProject
Global
	GlobalSection(SolutionConfigurationPlatforms) = preSolution
		Debug|Any CPU = Debug|Any CPU
		Release|Any CPU = Release|Any CPU
	EndGlobalSection
	GlobalSection(ProjectConfigurationPlatforms) = postSolution
		{37E21835-0E4B-6AB7-8A27-50374C4EF0C1}.Debug|Any CPU.ActiveCfg = Debug|Any CPU
		{37E21835-0E4B-6AB7-8A27-50374C4EF0C1}.Debug|Any CPU.Build.0 = Debug|Any CPU
		{37E21835-0E4B-6AB7-8A27-50374C4EF0C1}.Release|Any CPU.ActiveCfg = Release|Any CPU
		{37E21835-0E4B-6AB7-8A27-50374C4EF0C1}.Release|Any CPU.Build.0 = Release|Any CPU
		{84BA5D17-0E52-02DA-F136-C434BD0A8AE6}.Debug|Any CPU.ActiveCfg = Debug|Any CPU
		{84BA5D17-0E52-02DA-F136-C434BD0A8AE6}.Debug|Any CPU.Build.0 = Debug|Any CPU
		{84BA5D17-0E52-02DA-F136-C434BD0A8AE6}.Release|Any CPU.ActiveCfg = Release|Any CPU
		{84BA5D17-0E52-02DA-F136-C434BD0A8AE6}.Release|Any CPU.Build.0 = Release|Any CPU
		{13F0F545-A23B-E8ED-26C4-C9883D9FE698}.Debug|Any CPU.ActiveCfg = Debug|Any CPU
		{13F0F545-A23B-E8ED-26C4-C9883D9FE698}.Debug|Any CPU.Build.0 = Debug|Any CPU
		{13F0F545-A23B-E8ED-26C4-C9883D9FE698}.Release|Any CPU.ActiveCfg = Release|Any CPU
		{13F0F545-A23B-E8ED-26C4-C9883D9FE698}.Release|Any CPU.Build.0 = Release|Any CPU
	EndGlobalSection
	GlobalSection(SolutionProperties) = preSolution
		HideSolutionNode = FALSE
	EndGlobalSection
EndGlobal
